
Microsoft Visual Studio Solution File, Format Version 12.00
# Visual Studio 14
VisualStudioVersion = 14.0.25420.1
MinimumVisualStudioVersion = 10.0.40219.1
Project("{FAE04EC0-301F-11D3-BF4B-00C04F79EFBC}") = "udemyAppAdminEmpleados", "udemyAppAdminEmpleados\udemyAppAdminEmpleados.csproj", "{B41AC097-5AB9-48AA-9A22-DE36FE67BA55}"
EndProject
Global
	GlobalSection(SolutionConfigurationPlatforms) = preSolution
		Debug|Any CPU = Debug|Any CPU
		Release|Any CPU = Release|Any CPU
	EndGlobalSection
	GlobalSection(ProjectConfigurationPlatforms) = postSolution
		{B41AC097-5AB9-48AA-9A22-DE36FE67BA55}.Debug|Any CPU.ActiveCfg = Debug|Any CPU
		{B41AC097-5AB9-48AA-9A22-DE36FE67BA55}.Debug|Any CPU.Build.0 = Debug|Any CPU
		{B41AC097-5AB9-48AA-9A22-DE36FE67BA55}.Release|Any CPU.ActiveCfg = Release|Any CPU
		{B41AC097-5AB9-48AA-9A22-DE36FE67BA55}.Release|Any CPU.Build.0 = Release|Any CPU
	EndGlobalSection
	GlobalSection(SolutionProperties) = preSolution
		HideSolutionNode = FALSE
	EndGlobalSection
EndGlobal
